
Microsoft Visual Studio Solution File, Format Version 12.00
# Visual Studio Version 16
VisualStudioVersion = 16.0.29519.87
MinimumVisualStudioVersion = 10.0.40219.1
Project("{FAE04EC0-301F-11D3-BF4B-00C04F79EFBC}") = "MandelbrotWpfFramework", "MandelbrotWpfFramework\MandelbrotWpfFramework.csproj", "{AD67556B-71CE-4288-B454-BF67298A87B1}"
EndProject
Global
	GlobalSection(SolutionConfigurationPlatforms) = preSolution
		Debug|Any CPU = Debug|Any CPU
		Release|Any CPU = Release|Any CPU
	EndGlobalSection
	GlobalSection(ProjectConfigurationPlatforms) = postSolution
		{AD67556B-71CE-4288-B454-BF67298A87B1}.Debug|Any CPU.ActiveCfg = Debug|Any CPU
		{AD67556B-71CE-4288-B454-BF67298A87B1}.Debug|Any CPU.Build.0 = Debug|Any CPU
		{AD67556B-71CE-4288-B454-BF67298A87B1}.Release|Any CPU.ActiveCfg = Release|Any CPU
		{AD67556B-71CE-4288-B454-BF67298A87B1}.Release|Any CPU.Build.0 = Release|Any CPU
	EndGlobalSection
	GlobalSection(SolutionProperties) = preSolution
		HideSolutionNode = FALSE
	EndGlobalSection
	GlobalSection(ExtensibilityGlobals) = postSolution
		SolutionGuid = {54E7DF54-0769-456B-A673-EF0C9AD0E4D2}
	EndGlobalSection
EndGlobal
